// !$*UTF8*$!
{
	archiveVersion = 1;
	classes = {
	};
	objectVersion = 50;
	objects = {

/* Begin PBXBuildFile section */
		2E0E944B2263B54E00FCF6BE /* main.swift in Sources */ = {isa = PBXBuildFile; fileRef = 2E0E94472263B54E00FCF6BE /* main.swift */; };
		2E0E944C2263B54E00FCF6BE /* dotstrings.swift in Sources */ = {isa = PBXBuildFile; fileRef = 2E0E94492263B54E00FCF6BE /* dotstrings.swift */; };
		2E0E944E2263B62E00FCF6BE /* google-translate.swift in Sources */ = {isa = PBXBuildFile; fileRef = 2E0E944D2263B62E00FCF6BE /* google-translate.swift */; };
		2E0E94502263B7E000FCF6BE /* utils.swift in Sources */ = {isa = PBXBuildFile; fileRef = 2E0E944F2263B7E000FCF6BE /* utils.swift */; };
		2E0E94522263C84000FCF6BE /* bleu.swift in Sources */ = {isa = PBXBuildFile; fileRef = 2E0E94512263C84000FCF6BE /* bleu.swift */; };
		2E0E94542263D2BF00FCF6BE /* tfidf.swift in Sources */ = {isa = PBXBuildFile; fileRef = 2E0E94532263D2BF00FCF6BE /* tfidf.swift */; };
		2E0E94582263F94300FCF6BE /* important-terms.swift in Sources */ = {isa = PBXBuildFile; fileRef = 2E0E94572263F94300FCF6BE /* important-terms.swift */; };
		2E0E945A2263FF3600FCF6BE /* LongestCommonSubsequence.swift in Sources */ = {isa = PBXBuildFile; fileRef = 2E0E94592263FF3600FCF6BE /* LongestCommonSubsequence.swift */; };
/* End PBXBuildFile section */

/* Begin PBXCopyFilesBuildPhase section */
		2E0E943C2263B50800FCF6BE /* CopyFiles */ = {
			isa = PBXCopyFilesBuildPhase;
			buildActionMask = 2147483647;
			dstPath = /usr/share/man/man1/;
			dstSubfolderSpec = 0;
			files = (
			);
			runOnlyForDeploymentPostprocessing = 1;
		};
/* End PBXCopyFilesBuildPhase section */

/* Begin PBXFileReference section */
		2E0E943E2263B50800FCF6BE /* Translate */ = {isa = PBXFileReference; explicitFileType = "compiled.mach-o.executable"; includeInIndex = 0; path = Translate; sourceTree = BUILT_PRODUCTS_DIR; };
		2E0E94472263B54E00FCF6BE /* main.swift */ = {isa = PBXFileReference; fileEncoding = 4; lastKnownFileType = sourcecode.swift; path = main.swift; sourceTree = "<group>"; };
		2E0E94482263B54E00FCF6BE /* Window French Translations.strings */ = {isa = PBXFileReference; fileEncoding = 4; lastKnownFileType = text.plist.strings; path = "Window French Translations.strings"; sourceTree = "<group>"; };
		2E0E94492263B54E00FCF6BE /* dotstrings.swift */ = {isa = PBXFileReference; fileEncoding = 4; lastKnownFileType = sourcecode.swift; path = dotstrings.swift; sourceTree = "<group>"; };
		2E0E944A2263B54E00FCF6BE /* Window Spanish Translations.strings */ = {isa = PBXFileReference; fileEncoding = 4; lastKnownFileType = text.plist.strings; path = "Window Spanish Translations.strings"; sourceTree = "<group>"; };
		2E0E944D2263B62E00FCF6BE /* google-translate.swift */ = {isa = PBXFileReference; lastKnownFileType = sourcecode.swift; path = "google-translate.swift"; sourceTree = "<group>"; };
		2E0E944F2263B7E000FCF6BE /* utils.swift */ = {isa = PBXFileReference; lastKnownFileType = sourcecode.swift; path = utils.swift; sourceTree = "<group>"; };
		2E0E94512263C84000FCF6BE /* bleu.swift */ = {isa = PBXFileReference; lastKnownFileType = sourcecode.swift; path = bleu.swift; sourceTree = "<group>"; };
		2E0E94532263D2BF00FCF6BE /* tfidf.swift */ = {isa = PBXFileReference; lastKnownFileType = sourcecode.swift; path = tfidf.swift; sourceTree = "<group>"; };
		2E0E94572263F94300FCF6BE /* important-terms.swift */ = {isa = PBXFileReference; lastKnownFileType = sourcecode.swift; path = "important-terms.swift"; sourceTree = "<group>"; };
		2E0E94592263FF3600FCF6BE /* LongestCommonSubsequence.swift */ = {isa = PBXFileReference; lastKnownFileType = sourcecode.swift; path = LongestCommonSubsequence.swift; sourceTree = "<group>"; };
/* End PBXFileReference section */

/* Begin PBXFrameworksBuildPhase section */
		2E0E943B2263B50800FCF6BE /* Frameworks */ = {
			isa = PBXFrameworksBuildPhase;
			buildActionMask = 2147483647;
			files = (
			);
			runOnlyForDeploymentPostprocessing = 0;
		};
/* End PBXFrameworksBuildPhase section */

/* Begin PBXGroup section */
		2E0E942B2263B2F500FCF6BE = {
			isa = PBXGroup;
			children = (
				2E0E94472263B54E00FCF6BE /* main.swift */,
				2E0E94492263B54E00FCF6BE /* dotstrings.swift */,
				2E0E944D2263B62E00FCF6BE /* google-translate.swift */,
				2E0E94512263C84000FCF6BE /* bleu.swift */,
				2E0E94532263D2BF00FCF6BE /* tfidf.swift */,
				2E0E94572263F94300FCF6BE /* important-terms.swift */,
				2E0E944F2263B7E000FCF6BE /* utils.swift */,
				2E0E94592263FF3600FCF6BE /* LongestCommonSubsequence.swift */,
				2E0E94482263B54E00FCF6BE /* Window French Translations.strings */,
				2E0E944A2263B54E00FCF6BE /* Window Spanish Translations.strings */,
				2E0E943F2263B50800FCF6BE /* Products */,
			);
			sourceTree = "<group>";
		};
		2E0E943F2263B50800FCF6BE /* Products */ = {
			isa = PBXGroup;
			children = (
				2E0E943E2263B50800FCF6BE /* Translate */,
			);
			name = Products;
			sourceTree = "<group>";
		};
/* End PBXGroup section */

/* Begin PBXLegacyTarget section */
		2E0E94302263B2F500FCF6BE /* Corpus Assisted Google Translate */ = {
			isa = PBXLegacyTarget;
			buildArgumentsString = main.swift;
			buildConfigurationList = 2E0E94332263B2F500FCF6BE /* Build configuration list for PBXLegacyTarget "Corpus Assisted Google Translate" */;
			buildPhases = (
			);
			buildToolPath = /usr/bin/swift;
			buildWorkingDirectory = "/Users/cal/Documents/Xcode/corpus-assisted-google-translate";
			dependencies = (
			);
			name = "Corpus Assisted Google Translate";
			passBuildSettingsInEnvironment = 1;
			productName = "Corpus Assisted Google Translate";
		};
/* End PBXLegacyTarget section */

/* Begin PBXNativeTarget section */
		2E0E943D2263B50800FCF6BE /* Translate */ = {
			isa = PBXNativeTarget;
			buildConfigurationList = 2E0E94432263B50800FCF6BE /* Build configuration list for PBXNativeTarget "Translate" */;
			buildPhases = (
				2E0E943A2263B50800FCF6BE /* Sources */,
				2E0E943B2263B50800FCF6BE /* Frameworks */,
				2E0E943C2263B50800FCF6BE /* CopyFiles */,
			);
			buildRules = (
			);
			dependencies = (
			);
			name = Translate;
			productName = translate;
			productReference = 2E0E943E2263B50800FCF6BE /* Translate */;
			productType = "com.apple.product-type.tool";
		};
/* End PBXNativeTarget section */

/* Begin PBXProject section */
		2E0E942C2263B2F500FCF6BE /* Project object */ = {
			isa = PBXProject;
			attributes = {
				LastSwiftUpdateCheck = 1020;
				LastUpgradeCheck = 1020;
				ORGANIZATIONNAME = "Cal Stephens";
				TargetAttributes = {
					2E0E94302263B2F500FCF6BE = {
						CreatedOnToolsVersion = 10.2;
						LastSwiftMigration = 1020;
					};
					2E0E943D2263B50800FCF6BE = {
						CreatedOnToolsVersion = 10.2;
						LastSwiftMigration = 1020;
					};
				};
			};
			buildConfigurationList = 2E0E942F2263B2F500FCF6BE /* Build configuration list for PBXProject "Translate" */;
			compatibilityVersion = "Xcode 9.3";
			developmentRegion = en;
			hasScannedForEncodings = 0;
			knownRegions = (
				en,
			);
			mainGroup = 2E0E942B2263B2F500FCF6BE;
			productRefGroup = 2E0E943F2263B50800FCF6BE /* Products */;
			projectDirPath = "";
			projectRoot = "";
			targets = (
				2E0E94302263B2F500FCF6BE /* Corpus Assisted Google Translate */,
				2E0E943D2263B50800FCF6BE /* Translate */,
			);
		};
/* End PBXProject section */

/* Begin PBXSourcesBuildPhase section */
		2E0E943A2263B50800FCF6BE /* Sources */ = {
			isa = PBXSourcesBuildPhase;
			buildActionMask = 2147483647;
			files = (
				2E0E944E2263B62E00FCF6BE /* google-translate.swift in Sources */,
				2E0E945A2263FF3600FCF6BE /* LongestCommonSubsequence.swift in Sources */,
				2E0E94542263D2BF00FCF6BE /* tfidf.swift in Sources */,
				2E0E944C2263B54E00FCF6BE /* dotstrings.swift in Sources */,
				2E0E944B2263B54E00FCF6BE /* main.swift in Sources */,
				2E0E94502263B7E000FCF6BE /* utils.swift in Sources */,
				2E0E94582263F94300FCF6BE /* important-terms.swift in Sources */,
				2E0E94522263C84000FCF6BE /* bleu.swift in Sources */,
			);
			runOnlyForDeploymentPostprocessing = 0;
		};
/* End PBXSourcesBuildPhase section */

/* Begin XCBuildConfiguration section */
		2E0E94312263B2F500FCF6BE /* Debug */ = {
			isa = XCBuildConfiguration;
			buildSettings = {
				ALWAYS_SEARCH_USER_PATHS = NO;
				CLANG_ANALYZER_NONNULL = YES;
				CLANG_ANALYZER_NUMBER_OBJECT_CONVERSION = YES_AGGRESSIVE;
				CLANG_CXX_LANGUAGE_STANDARD = "gnu++14";
				CLANG_CXX_LIBRARY = "libc++";
				CLANG_ENABLE_MODULES = YES;
				CLANG_ENABLE_OBJC_ARC = YES;
				CLANG_ENABLE_OBJC_WEAK = YES;
				CLANG_WARN_BLOCK_CAPTURE_AUTORELEASING = YES;
				CLANG_WARN_BOOL_CONVERSION = YES;
				CLANG_WARN_COMMA = YES;
				CLANG_WARN_CONSTANT_CONVERSION = YES;
				CLANG_WARN_DEPRECATED_OBJC_IMPLEMENTATIONS = YES;
				CLANG_WARN_DIRECT_OBJC_ISA_USAGE = YES_ERROR;
				CLANG_WARN_DOCUMENTATION_COMMENTS = YES;
				CLANG_WARN_EMPTY_BODY = YES;
				CLANG_WARN_ENUM_CONVERSION = YES;
				CLANG_WARN_INFINITE_RECURSION = YES;
				CLANG_WARN_INT_CONVERSION = YES;
				CLANG_WARN_NON_LITERAL_NULL_CONVERSION = YES;
				CLANG_WARN_OBJC_IMPLICIT_RETAIN_SELF = YES;
				CLANG_WARN_OBJC_LITERAL_CONVERSION = YES;
				CLANG_WARN_OBJC_ROOT_CLASS = YES_ERROR;
				CLANG_WARN_RANGE_LOOP_ANALYSIS = YES;
				CLANG_WARN_STRICT_PROTOTYPES = YES;
				CLANG_WARN_SUSPICIOUS_MOVE = YES;
				CLANG_WARN_UNGUARDED_AVAILABILITY = YES_AGGRESSIVE;
				CLANG_WARN_UNREACHABLE_CODE = YES;
				CLANG_WARN__DUPLICATE_METHOD_MATCH = YES;
				COPY_PHASE_STRIP = NO;
				DEBUG_INFORMATION_FORMAT = dwarf;
				ENABLE_STRICT_OBJC_MSGSEND = YES;
				ENABLE_TESTABILITY = YES;
				GCC_C_LANGUAGE_STANDARD = gnu11;
				GCC_DYNAMIC_NO_PIC = NO;
				GCC_NO_COMMON_BLOCKS = YES;
				GCC_OPTIMIZATION_LEVEL = 0;
				GCC_PREPROCESSOR_DEFINITIONS = (
					"DEBUG=1",
					"$(inherited)",
				);
				GCC_WARN_64_TO_32_BIT_CONVERSION = YES;
				GCC_WARN_ABOUT_RETURN_TYPE = YES_ERROR;
				GCC_WARN_UNDECLARED_SELECTOR = YES;
				GCC_WARN_UNINITIALIZED_AUTOS = YES_AGGRESSIVE;
				GCC_WARN_UNUSED_FUNCTION = YES;
				GCC_WARN_UNUSED_VARIABLE = YES;
				MTL_ENABLE_DEBUG_INFO = INCLUDE_SOURCE;
				MTL_FAST_MATH = YES;
				ONLY_ACTIVE_ARCH = YES;
			};
			name = Debug;
		};
		2E0E94322263B2F500FCF6BE /* Release */ = {
			isa = XCBuildConfiguration;
			buildSettings = {
				ALWAYS_SEARCH_USER_PATHS = NO;
				CLANG_ANALYZER_NONNULL = YES;
				CLANG_ANALYZER_NUMBER_OBJECT_CONVERSION = YES_AGGRESSIVE;
				CLANG_CXX_LANGUAGE_STANDARD = "gnu++14";
				CLANG_CXX_LIBRARY = "libc++";
				CLANG_ENABLE_MODULES = YES;
				CLANG_ENABLE_OBJC_ARC = YES;
				CLANG_ENABLE_OBJC_WEAK = YES;
				CLANG_WARN_BLOCK_CAPTURE_AUTORELEASING = YES;
				CLANG_WARN_BOOL_CONVERSION = YES;
				CLANG_WARN_COMMA = YES;
				CLANG_WARN_CONSTANT_CONVERSION = YES;
				CLANG_WARN_DEPRECATED_OBJC_IMPLEMENTATIONS = YES;
				CLANG_WARN_DIRECT_OBJC_ISA_USAGE = YES_ERROR;
				CLANG_WARN_DOCUMENTATION_COMMENTS = YES;
				CLANG_WARN_EMPTY_BODY = YES;
				CLANG_WARN_ENUM_CONVERSION = YES;
				CLANG_WARN_INFINITE_RECURSION = YES;
				CLANG_WARN_INT_CONVERSION = YES;
				CLANG_WARN_NON_LITERAL_NULL_CONVERSION = YES;
				CLANG_WARN_OBJC_IMPLICIT_RETAIN_SELF = YES;
				CLANG_WARN_OBJC_LITERAL_CONVERSION = YES;
				CLANG_WARN_OBJC_ROOT_CLASS = YES_ERROR;
				CLANG_WARN_RANGE_LOOP_ANALYSIS = YES;
				CLANG_WARN_STRICT_PROTOTYPES = YES;
				CLANG_WARN_SUSPICIOUS_MOVE = YES;
				CLANG_WARN_UNGUARDED_AVAILABILITY = YES_AGGRESSIVE;
				CLANG_WARN_UNREACHABLE_CODE = YES;
				CLANG_WARN__DUPLICATE_METHOD_MATCH = YES;
				COPY_PHASE_STRIP = NO;
				DEBUG_INFORMATION_FORMAT = "dwarf-with-dsym";
				ENABLE_NS_ASSERTIONS = NO;
				ENABLE_STRICT_OBJC_MSGSEND = YES;
				GCC_C_LANGUAGE_STANDARD = gnu11;
				GCC_NO_COMMON_BLOCKS = YES;
				GCC_WARN_64_TO_32_BIT_CONVERSION = YES;
				GCC_WARN_ABOUT_RETURN_TYPE = YES_ERROR;
				GCC_WARN_UNDECLARED_SELECTOR = YES;
				GCC_WARN_UNINITIALIZED_AUTOS = YES_AGGRESSIVE;
				GCC_WARN_UNUSED_FUNCTION = YES;
				GCC_WARN_UNUSED_VARIABLE = YES;
				MTL_ENABLE_DEBUG_INFO = NO;
				MTL_FAST_MATH = YES;
			};
			name = Release;
		};
		2E0E94342263B2F500FCF6BE /* Debug */ = {
			isa = XCBuildConfiguration;
			buildSettings = {
				CLANG_ENABLE_MODULES = YES;
				CODE_SIGN_STYLE = Automatic;
				DEBUGGING_SYMBOLS = YES;
				DEBUG_INFORMATION_FORMAT = dwarf;
				GCC_GENERATE_DEBUGGING_SYMBOLS = YES;
				GCC_OPTIMIZATION_LEVEL = 0;
				LD_RUNPATH_SEARCH_PATHS = (
					"$(inherited)",
					"@executable_path/../Frameworks",
					"@loader_path/../Frameworks",
				);
				OTHER_CFLAGS = "";
				OTHER_LDFLAGS = "";
				PRODUCT_NAME = "$(TARGET_NAME)";
				SWIFT_OPTIMIZATION_LEVEL = "-Onone";
				SWIFT_VERSION = 5.0;
			};
			name = Debug;
		};
		2E0E94352263B2F500FCF6BE /* Release */ = {
			isa = XCBuildConfiguration;
			buildSettings = {
				CLANG_ENABLE_MODULES = YES;
				CODE_SIGN_STYLE = Automatic;
				DEBUG_INFORMATION_FORMAT = "dwarf-with-dsym";
				LD_RUNPATH_SEARCH_PATHS = (
					"$(inherited)",
					"@executable_path/../Frameworks",
					"@loader_path/../Frameworks",
				);
				OTHER_CFLAGS = "";
				OTHER_LDFLAGS = "";
				PRODUCT_NAME = "$(TARGET_NAME)";
				SWIFT_VERSION = 5.0;
			};
			name = Release;
		};
		2E0E94442263B50800FCF6BE /* Debug */ = {
			isa = XCBuildConfiguration;
			buildSettings = {
				CLANG_ENABLE_MODULES = YES;
				CODE_SIGN_IDENTITY = "-";
				CODE_SIGN_STYLE = Automatic;
				LD_RUNPATH_SEARCH_PATHS = (
					"$(inherited)",
					"@executable_path/../Frameworks",
					"@loader_path/../Frameworks",
				);
				MACOSX_DEPLOYMENT_TARGET = 10.14;
				PRODUCT_NAME = "$(TARGET_NAME)";
				SDKROOT = macosx;
				SWIFT_ACTIVE_COMPILATION_CONDITIONS = DEBUG;
				SWIFT_OPTIMIZATION_LEVEL = "-Onone";
				SWIFT_VERSION = 5.0;
			};
			name = Debug;
		};
		2E0E94452263B50800FCF6BE /* Release */ = {
			isa = XCBuildConfiguration;
			buildSettings = {
				CLANG_ENABLE_MODULES = YES;
				CODE_SIGN_IDENTITY = "-";
				CODE_SIGN_STYLE = Automatic;
				LD_RUNPATH_SEARCH_PATHS = (
					"$(inherited)",
					"@executable_path/../Frameworks",
					"@loader_path/../Frameworks",
				);
				MACOSX_DEPLOYMENT_TARGET = 10.14;
				PRODUCT_NAME = "$(TARGET_NAME)";
				SDKROOT = macosx;
				SWIFT_COMPILATION_MODE = wholemodule;
				SWIFT_OPTIMIZATION_LEVEL = "-O";
				SWIFT_VERSION = 5.0;
			};
			name = Release;
		};
/* End XCBuildConfiguration section */

/* Begin XCConfigurationList section */
		2E0E942F2263B2F500FCF6BE /* Build configuration list for PBXProject "Translate" */ = {
			isa = XCConfigurationList;
			buildConfigurations = (
				2E0E94312263B2F500FCF6BE /* Debug */,
				2E0E94322263B2F500FCF6BE /* Release */,
			);
			defaultConfigurationIsVisible = 0;
			defaultConfigurationName = Release;
		};
		2E0E94332263B2F500FCF6BE /* Build configuration list for PBXLegacyTarget "Corpus Assisted Google Translate" */ = {
			isa = XCConfigurationList;
			buildConfigurations = (
				2E0E94342263B2F500FCF6BE /* Debug */,
				2E0E94352263B2F500FCF6BE /* Release */,
			);
			defaultConfigurationIsVisible = 0;
			defaultConfigurationName = Release;
		};
		2E0E94432263B50800FCF6BE /* Build configuration list for PBXNativeTarget "Translate" */ = {
			isa = XCConfigurationList;
			buildConfigurations = (
				2E0E94442263B50800FCF6BE /* Debug */,
				2E0E94452263B50800FCF6BE /* Release */,
			);
			defaultConfigurationIsVisible = 0;
			defaultConfigurationName = Release;
		};
/* End XCConfigurationList section */
	};
	rootObject = 2E0E942C2263B2F500FCF6BE /* Project object */;
}
